// !$*UTF8*$!
{
	archiveVersion = 1;
	classes = {
	};
	objectVersion = 51;
	objects = {

/* Begin PBXBuildFile section */
		96D11A8C8CD3C76576D3A814 /* Pods_UnsplashCloneApp.framework in Frameworks */ = {isa = PBXBuildFile; fileRef = 6B12E671CD450B2031844040 /* Pods_UnsplashCloneApp.framework */; };
		D909C7A12642BA2500713750 /* AppDelegate.swift in Sources */ = {isa = PBXBuildFile; fileRef = D909C7A02642BA2500713750 /* AppDelegate.swift */; };
		D909C7A32642BA2500713750 /* SceneDelegate.swift in Sources */ = {isa = PBXBuildFile; fileRef = D909C7A22642BA2500713750 /* SceneDelegate.swift */; };
		D909C7A52642BA2500713750 /* MainListViewController.swift in Sources */ = {isa = PBXBuildFile; fileRef = D909C7A42642BA2500713750 /* MainListViewController.swift */; };
		D909C7A82642BA2500713750 /* Main.storyboard in Resources */ = {isa = PBXBuildFile; fileRef = D909C7A62642BA2500713750 /* Main.storyboard */; };
		D909C7AA2642BA2700713750 /* Assets.xcassets in Resources */ = {isa = PBXBuildFile; fileRef = D909C7A92642BA2700713750 /* Assets.xcassets */; };
		D909C7AD2642BA2700713750 /* LaunchScreen.storyboard in Resources */ = {isa = PBXBuildFile; fileRef = D909C7AB2642BA2700713750 /* LaunchScreen.storyboard */; };
		D909C7BF2642F50600713750 /* SplashModel.swift in Sources */ = {isa = PBXBuildFile; fileRef = D909C7BE2642F50500713750 /* SplashModel.swift */; };
		D97E0C27264CAAFA0001EE39 /* RegisterViewModel.swift in Sources */ = {isa = PBXBuildFile; fileRef = D97E0C26264CAAFA0001EE39 /* RegisterViewModel.swift */; };
		D97E0C2D264D774A0001EE39 /* CollectionTableViewCell.swift in Sources */ = {isa = PBXBuildFile; fileRef = D97E0C2B264D774A0001EE39 /* CollectionTableViewCell.swift */; };
		D97E0C2E264D774A0001EE39 /* CollectionTableViewCell.xib in Resources */ = {isa = PBXBuildFile; fileRef = D97E0C2C264D774A0001EE39 /* CollectionTableViewCell.xib */; };
		D97E0C31264D77670001EE39 /* UsersTableViewCell.swift in Sources */ = {isa = PBXBuildFile; fileRef = D97E0C2F264D77670001EE39 /* UsersTableViewCell.swift */; };
		D97E0C32264D77670001EE39 /* UsersTableViewCell.xib in Resources */ = {isa = PBXBuildFile; fileRef = D97E0C30264D77670001EE39 /* UsersTableViewCell.xib */; };
		D97E0C35264D847E0001EE39 /* CollectionSearchModel.swift in Sources */ = {isa = PBXBuildFile; fileRef = D97E0C34264D847E0001EE39 /* CollectionSearchModel.swift */; };
		D97E0C37264D855C0001EE39 /* UserSearchModel.swift in Sources */ = {isa = PBXBuildFile; fileRef = D97E0C36264D855C0001EE39 /* UserSearchModel.swift */; };
		D97E0C3A264D884E0001EE39 /* CollectionTableCellViewModel.swift in Sources */ = {isa = PBXBuildFile; fileRef = D97E0C39264D884E0001EE39 /* CollectionTableCellViewModel.swift */; };
		D97E0C3D264D88800001EE39 /* UserTableCellViewModel.swift in Sources */ = {isa = PBXBuildFile; fileRef = D97E0C3C264D88800001EE39 /* UserTableCellViewModel.swift */; };
		D97E0C40264DC4D30001EE39 /* LoginViewModel.swift in Sources */ = {isa = PBXBuildFile; fileRef = D97E0C3F264DC4D30001EE39 /* LoginViewModel.swift */; };
		D97E0C42264E41B40001EE39 /* TopicSplashModel.swift in Sources */ = {isa = PBXBuildFile; fileRef = D97E0C41264E41B40001EE39 /* TopicSplashModel.swift */; };
		D97E0C46264E52380001EE39 /* TopicDataCellViewModel.swift in Sources */ = {isa = PBXBuildFile; fileRef = D97E0C45264E52380001EE39 /* TopicDataCellViewModel.swift */; };
		D97E0C48264E5F860001EE39 /* UIView+extension.swift in Sources */ = {isa = PBXBuildFile; fileRef = D97E0C47264E5F860001EE39 /* UIView+extension.swift */; };
		D97E0C57264E76340001EE39 /* loginScreen3.png in Resources */ = {isa = PBXBuildFile; fileRef = D97E0C4A264E76310001EE39 /* loginScreen3.png */; };
		D97E0C58264E76340001EE39 /* mainScreen1.png in Resources */ = {isa = PBXBuildFile; fileRef = D97E0C4B264E76310001EE39 /* mainScreen1.png */; };
		D97E0C59264E76340001EE39 /* searchScreen1.png in Resources */ = {isa = PBXBuildFile; fileRef = D97E0C4C264E76320001EE39 /* searchScreen1.png */; };
		D97E0C5A264E76340001EE39 /* loginScreen1.png in Resources */ = {isa = PBXBuildFile; fileRef = D97E0C4D264E76320001EE39 /* loginScreen1.png */; };
		D97E0C5B264E76340001EE39 /* collectionScreen1.png in Resources */ = {isa = PBXBuildFile; fileRef = D97E0C4E264E76320001EE39 /* collectionScreen1.png */; };
		D97E0C5C264E76340001EE39 /* licenseScreen.png in Resources */ = {isa = PBXBuildFile; fileRef = D97E0C4F264E76320001EE39 /* licenseScreen.png */; };
		D97E0C5E264E76340001EE39 /* searchScreen2.png in Resources */ = {isa = PBXBuildFile; fileRef = D97E0C51264E76330001EE39 /* searchScreen2.png */; };
		D97E0C5F264E76340001EE39 /* loginScreen.png in Resources */ = {isa = PBXBuildFile; fileRef = D97E0C52264E76330001EE39 /* loginScreen.png */; };
		D97E0C60264E76340001EE39 /* searchScreen.png in Resources */ = {isa = PBXBuildFile; fileRef = D97E0C53264E76330001EE39 /* searchScreen.png */; };
		D97E0C61264E76340001EE39 /* collectionScreen.png in Resources */ = {isa = PBXBuildFile; fileRef = D97E0C54264E76330001EE39 /* collectionScreen.png */; };
		D97E0C62264E76340001EE39 /* mainScreen.png in Resources */ = {isa = PBXBuildFile; fileRef = D97E0C55264E76340001EE39 /* mainScreen.png */; };
		D97E0C63264E76340001EE39 /* loginScreen2.png in Resources */ = {isa = PBXBuildFile; fileRef = D97E0C56264E76340001EE39 /* loginScreen2.png */; };
		D97E0C65264E772F0001EE39 /* appstore.png in Resources */ = {isa = PBXBuildFile; fileRef = D97E0C64264E772F0001EE39 /* appstore.png */; };
		D97E0C67264E793D0001EE39 /* mainScreen2.png in Resources */ = {isa = PBXBuildFile; fileRef = D97E0C66264E793C0001EE39 /* mainScreen2.png */; };
		D97E0C6C264E80120001EE39 /* searchScreen.gif in Resources */ = {isa = PBXBuildFile; fileRef = D97E0C68264E80100001EE39 /* searchScreen.gif */; };
		D97E0C6D264E80120001EE39 /* mainScreen.gif in Resources */ = {isa = PBXBuildFile; fileRef = D97E0C69264E80110001EE39 /* mainScreen.gif */; };
		D97E0C6F264E80120001EE39 /* collectionScreen.gif in Resources */ = {isa = PBXBuildFile; fileRef = D97E0C6B264E80120001EE39 /* collectionScreen.gif */; };
		D97E0C71264E820D0001EE39 /* detailsScreen.png in Resources */ = {isa = PBXBuildFile; fileRef = D97E0C70264E820C0001EE39 /* detailsScreen.png */; };
		D97E0C73264E84230001EE39 /* loginScreen.gif in Resources */ = {isa = PBXBuildFile; fileRef = D97E0C72264E84230001EE39 /* loginScreen.gif */; };
		D97E0C77264F0C950001EE39 /* MyProfileViewModel.swift in Sources */ = {isa = PBXBuildFile; fileRef = D97E0C76264F0C950001EE39 /* MyProfileViewModel.swift */; };
		D97E0C7A264F19240001EE39 /* FileHandler.swift in Sources */ = {isa = PBXBuildFile; fileRef = D97E0C79264F19240001EE39 /* FileHandler.swift */; };
		D97E0C7D264F1DE30001EE39 /* dataSet1.png in Resources */ = {isa = PBXBuildFile; fileRef = D97E0C7B264F1DE20001EE39 /* dataSet1.png */; };
		D97E0C7E264F1DE30001EE39 /* dataSet2.png in Resources */ = {isa = PBXBuildFile; fileRef = D97E0C7C264F1DE30001EE39 /* dataSet2.png */; };
		D97E0C8026523DEA0001EE39 /* FirstViewController.swift in Sources */ = {isa = PBXBuildFile; fileRef = D97E0C7F26523DEA0001EE39 /* FirstViewController.swift */; };
		D97E0C832652BF210001EE39 /* DetailsViewModel.swift in Sources */ = {isa = PBXBuildFile; fileRef = D97E0C822652BF210001EE39 /* DetailsViewModel.swift */; };
		D97E0C87265308250001EE39 /* ProfileLikeTableViewCell.swift in Sources */ = {isa = PBXBuildFile; fileRef = D97E0C86265308240001EE39 /* ProfileLikeTableViewCell.swift */; };
		D97E0C9226544C5A0001EE39 /* MyUploadedImageViewCell.swift in Sources */ = {isa = PBXBuildFile; fileRef = D97E0C9026544C5A0001EE39 /* MyUploadedImageViewCell.swift */; };
		D97E0C9326544C5A0001EE39 /* MyUploadedImageViewCell.xib in Resources */ = {isa = PBXBuildFile; fileRef = D97E0C9126544C5A0001EE39 /* MyUploadedImageViewCell.xib */; };
		D9B3647C264590E40047707E /* MainListViewModel.swift in Sources */ = {isa = PBXBuildFile; fileRef = D9B3647B264590E40047707E /* MainListViewModel.swift */; };
		D9B3647E264592020047707E /* SplashCellViewModel.swift in Sources */ = {isa = PBXBuildFile; fileRef = D9B3647D264592020047707E /* SplashCellViewModel.swift */; };
		D9B3647F2645951D0047707E /* ParameterEncoder.swift in Sources */ = {isa = PBXBuildFile; fileRef = D9B3646F264588D40047707E /* ParameterEncoder.swift */; };
		D9B364802645951F0047707E /* URLParameterEncoder.swift in Sources */ = {isa = PBXBuildFile; fileRef = D9B36470264588D40047707E /* URLParameterEncoder.swift */; };
		D9B36481264595230047707E /* JSONParameterEncoder.swift in Sources */ = {isa = PBXBuildFile; fileRef = D9B36471264588D40047707E /* JSONParameterEncoder.swift */; };
		D9B36483264595290047707E /* HTTPTask.swift in Sources */ = {isa = PBXBuildFile; fileRef = D9B36475264588D40047707E /* HTTPTask.swift */; };
		D9B364842645952C0047707E /* HTTPMethod.swift in Sources */ = {isa = PBXBuildFile; fileRef = D9B36476264588D40047707E /* HTTPMethod.swift */; };
		D9B364852645952F0047707E /* Router.swift in Sources */ = {isa = PBXBuildFile; fileRef = D9B36477264588D40047707E /* Router.swift */; };
		D9B36486264595330047707E /* EndPoint+Ext.swift in Sources */ = {isa = PBXBuildFile; fileRef = D9B36478264588D40047707E /* EndPoint+Ext.swift */; };
		D9CA3ECD2655854D00DB4749 /* ProfileLikeTableViewCell.xib in Resources */ = {isa = PBXBuildFile; fileRef = D9CA3ECC2655854D00DB4749 /* ProfileLikeTableViewCell.xib */; };
		D9CA3ED12658123600DB4749 /* DetailsInfoSubViewController.swift in Sources */ = {isa = PBXBuildFile; fileRef = D9CA3ED02658123600DB4749 /* DetailsInfoSubViewController.swift */; };
		D9CA3ED6265826BD00DB4749 /* DetailsInfoSubView.storyboard in Resources */ = {isa = PBXBuildFile; fileRef = D9CA3ED5265826BD00DB4749 /* DetailsInfoSubView.storyboard */; };
		D9CA3EDF26584D3600DB4749 /* StretchingHeaderView.swift in Sources */ = {isa = PBXBuildFile; fileRef = D9CA3EDE26584D3600DB4749 /* StretchingHeaderView.swift */; };
		D9CA3EE4265C07F800DB4749 /* mainScreen1.gif in Resources */ = {isa = PBXBuildFile; fileRef = D9CA3EE3265C07F700DB4749 /* mainScreen1.gif */; };
		D9DBFAAC26459C2D00BFB61B /* CellReusable+Extension.swift in Sources */ = {isa = PBXBuildFile; fileRef = D9DBFAAB26459C2D00BFB61B /* CellReusable+Extension.swift */; };
		D9DBFAAD26459CF200BFB61B /* SplashTableViewCell.swift in Sources */ = {isa = PBXBuildFile; fileRef = D9B3646B264588460047707E /* SplashTableViewCell.swift */; };
		D9DBFAAE2645A70000BFB61B /* SplashTableViewCell.xib in Resources */ = {isa = PBXBuildFile; fileRef = D9B3646A264588460047707E /* SplashTableViewCell.xib */; };
		D9DBFAB12645B63000BFB61B /* AppError.swift in Sources */ = {isa = PBXBuildFile; fileRef = D9DBFAB02645B63000BFB61B /* AppError.swift */; };
		D9DBFAB92645D10E00BFB61B /* CollectionViewCategoryCell.swift in Sources */ = {isa = PBXBuildFile; fileRef = D9DBFAB82645D10E00BFB61B /* CollectionViewCategoryCell.swift */; };
		D9DBFAC62649820700BFB61B /* SearchViewController.swift in Sources */ = {isa = PBXBuildFile; fileRef = D9DBFAC52649820700BFB61B /* SearchViewController.swift */; };
		D9DBFB032649895900BFB61B /* SplashCollectionApi.swift in Sources */ = {isa = PBXBuildFile; fileRef = D9DBFB022649895900BFB61B /* SplashCollectionApi.swift */; };
		D9DBFB0A264995F300BFB61B /* SearchApi.swift in Sources */ = {isa = PBXBuildFile; fileRef = D9DBFB09264995F300BFB61B /* SearchApi.swift */; };
		D9DBFB0C2649999800BFB61B /* SearchViewModel.swift in Sources */ = {isa = PBXBuildFile; fileRef = D9DBFB0B2649999700BFB61B /* SearchViewModel.swift */; };
		D9DBFB0E26499AAC00BFB61B /* SearchModel.swift in Sources */ = {isa = PBXBuildFile; fileRef = D9DBFB0D26499AAC00BFB61B /* SearchModel.swift */; };
		D9DBFB102649BDA200BFB61B /* SearchTableViewModel.swift in Sources */ = {isa = PBXBuildFile; fileRef = D9DBFB0F2649BDA200BFB61B /* SearchTableViewModel.swift */; };
		D9DBFB132649CF5A00BFB61B /* DetailsViewController.swift in Sources */ = {isa = PBXBuildFile; fileRef = D9DBFB122649CF5A00BFB61B /* DetailsViewController.swift */; };
		D9DBFB1C264A272F00BFB61B /* ImageDetailsInformation.swift in Sources */ = {isa = PBXBuildFile; fileRef = D9DBFB1B264A272F00BFB61B /* ImageDetailsInformation.swift */; };
		D9DBFB20264A5A7200BFB61B /* GoogleService-Info.plist in Resources */ = {isa = PBXBuildFile; fileRef = D9DBFB1F264A5A7100BFB61B /* GoogleService-Info.plist */; };
		D9DBFB24264A629700BFB61B /* RegisterViewController.swift in Sources */ = {isa = PBXBuildFile; fileRef = D9DBFB23264A629700BFB61B /* RegisterViewController.swift */; };
		D9DBFB28264A630300BFB61B /* LoginViewController.swift in Sources */ = {isa = PBXBuildFile; fileRef = D9DBFB27264A630300BFB61B /* LoginViewController.swift */; };
		D9DBFB2B264AE40300BFB61B /* MyProfileViewController.swift in Sources */ = {isa = PBXBuildFile; fileRef = D9DBFB2A264AE40300BFB61B /* MyProfileViewController.swift */; };
		D9DBFB30264AEE4700BFB61B /* ContributeController.swift in Sources */ = {isa = PBXBuildFile; fileRef = D9DBFB2F264AEE4700BFB61B /* ContributeController.swift */; };
		D9DBFB33264AF15300BFB61B /* ContributeViewModel.swift in Sources */ = {isa = PBXBuildFile; fileRef = D9DBFB32264AF15300BFB61B /* ContributeViewModel.swift */; };
		D9DBFB36264AF96100BFB61B /* LatestCollectionApi.swift in Sources */ = {isa = PBXBuildFile; fileRef = D9DBFB35264AF96100BFB61B /* LatestCollectionApi.swift */; };
		D9DBFB3A264B0F9A00BFB61B /* CollectionCellViewModel.swift in Sources */ = {isa = PBXBuildFile; fileRef = D9DBFB39264B0F9A00BFB61B /* CollectionCellViewModel.swift */; };
		D9DBFB3D264B182900BFB61B /* LatestCollectionCellView.swift in Sources */ = {isa = PBXBuildFile; fileRef = D9DBFB3C264B182900BFB61B /* LatestCollectionCellView.swift */; };
		D9DBFB42264B92E400BFB61B /* LatestModel.swift in Sources */ = {isa = PBXBuildFile; fileRef = D9DBFB41264B92E300BFB61B /* LatestModel.swift */; };
		D9DBFB45264C2CFA00BFB61B /* LicenseViewController.swift in Sources */ = {isa = PBXBuildFile; fileRef = D9DBFB44264C2CF900BFB61B /* LicenseViewController.swift */; };
		D9DBFB49264C2EAE00BFB61B /* LicenseScreenViewModel.swift in Sources */ = {isa = PBXBuildFile; fileRef = D9DBFB48264C2EAE00BFB61B /* LicenseScreenViewModel.swift */; };
		D9DBFB4C264C342600BFB61B /* ContactFunctionHandler.swift in Sources */ = {isa = PBXBuildFile; fileRef = D9DBFB4B264C342500BFB61B /* ContactFunctionHandler.swift */; };
		D9DBFB4E264C373A00BFB61B /* UIViewController+Ext.swift in Sources */ = {isa = PBXBuildFile; fileRef = D9DBFB4D264C373A00BFB61B /* UIViewController+Ext.swift */; };
		D9DBFB55264C4A3400BFB61B /* AlertProtocol.swift in Sources */ = {isa = PBXBuildFile; fileRef = D9DBFB54264C4A3400BFB61B /* AlertProtocol.swift */; };
		D9DBFB58264C5D6200BFB61B /* User.swift in Sources */ = {isa = PBXBuildFile; fileRef = D9DBFB57264C5D6100BFB61B /* User.swift */; };
		D9DBFB5C264C71A300BFB61B /* LoginView.storyboard in Resources */ = {isa = PBXBuildFile; fileRef = D9DBFB5B264C71A200BFB61B /* LoginView.storyboard */; };
		D9DBFB5F264C75BE00BFB61B /* LoginSubviewController.swift in Sources */ = {isa = PBXBuildFile; fileRef = D9DBFB5E264C75BE00BFB61B /* LoginSubviewController.swift */; };
/* End PBXBuildFile section */

/* Begin PBXFileReference section */
		13B9AD868D1FA91155746D3F /* Pods-UnsplashCloneApp.debug.xcconfig */ = {isa = PBXFileReference; includeInIndex = 1; lastKnownFileType = text.xcconfig; name = "Pods-UnsplashCloneApp.debug.xcconfig"; path = "Target Support Files/Pods-UnsplashCloneApp/Pods-UnsplashCloneApp.debug.xcconfig"; sourceTree = "<group>"; };
		6B12E671CD450B2031844040 /* Pods_UnsplashCloneApp.framework */ = {isa = PBXFileReference; explicitFileType = wrapper.framework; includeInIndex = 0; path = Pods_UnsplashCloneApp.framework; sourceTree = BUILT_PRODUCTS_DIR; };
		90BCD90801E7F05FF59AB208 /* Pods-UnsplashCloneApp.release.xcconfig */ = {isa = PBXFileReference; includeInIndex = 1; lastKnownFileType = text.xcconfig; name = "Pods-UnsplashCloneApp.release.xcconfig"; path = "Target Support Files/Pods-UnsplashCloneApp/Pods-UnsplashCloneApp.release.xcconfig"; sourceTree = "<group>"; };
		D909C79D2642BA2500713750 /* UnsplashCloneApp.app */ = {isa = PBXFileReference; explicitFileType = wrapper.application; includeInIndex = 0; path = UnsplashCloneApp.app; sourceTree = BUILT_PRODUCTS_DIR; };
		D909C7A02642BA2500713750 /* AppDelegate.swift */ = {isa = PBXFileReference; lastKnownFileType = sourcecode.swift; path = AppDelegate.swift; sourceTree = "<group>"; };
		D909C7A22642BA2500713750 /* SceneDelegate.swift */ = {isa = PBXFileReference; lastKnownFileType = sourcecode.swift; path = SceneDelegate.swift; sourceTree = "<group>"; };
		D909C7A42642BA2500713750 /* MainListViewController.swift */ = {isa = PBXFileReference; lastKnownFileType = sourcecode.swift; path = MainListViewController.swift; sourceTree = "<group>"; };
		D909C7A72642BA2500713750 /* Base */ = {isa = PBXFileReference; lastKnownFileType = file.storyboard; name = Base; path = Base.lproj/Main.storyboard; sourceTree = "<group>"; };
		D909C7A92642BA2700713750 /* Assets.xcassets */ = {isa = PBXFileReference; lastKnownFileType = folder.assetcatalog; path = Assets.xcassets; sourceTree = "<group>"; };
		D909C7AC2642BA2700713750 /* Base */ = {isa = PBXFileReference; lastKnownFileType = file.storyboard; name = Base; path = Base.lproj/LaunchScreen.storyboard; sourceTree = "<group>"; };
		D909C7AE2642BA2700713750 /* Info.plist */ = {isa = PBXFileReference; lastKnownFileType = text.plist.xml; path = Info.plist; sourceTree = "<group>"; };
		D909C7BE2642F50500713750 /* SplashModel.swift */ = {isa = PBXFileReference; lastKnownFileType = sourcecode.swift; path = SplashModel.swift; sourceTree = "<group>"; };
		D97E0C26264CAAFA0001EE39 /* RegisterViewModel.swift */ = {isa = PBXFileReference; lastKnownFileType = sourcecode.swift; path = RegisterViewModel.swift; sourceTree = "<group>"; };
		D97E0C2B264D774A0001EE39 /* CollectionTableViewCell.swift */ = {isa = PBXFileReference; lastKnownFileType = sourcecode.swift; path = CollectionTableViewCell.swift; sourceTree = "<group>"; };
		D97E0C2C264D774A0001EE39 /* CollectionTableViewCell.xib */ = {isa = PBXFileReference; lastKnownFileType = file.xib; path = CollectionTableViewCell.xib; sourceTree = "<group>"; };
		D97E0C2F264D77670001EE39 /* UsersTableViewCell.swift */ = {isa = PBXFileReference; lastKnownFileType = sourcecode.swift; path = UsersTableViewCell.swift; sourceTree = "<group>"; };
		D97E0C30264D77670001EE39 /* UsersTableViewCell.xib */ = {isa = PBXFileReference; lastKnownFileType = file.xib; path = UsersTableViewCell.xib; sourceTree = "<group>"; };
		D97E0C34264D847E0001EE39 /* CollectionSearchModel.swift */ = {isa = PBXFileReference; lastKnownFileType = sourcecode.swift; path = CollectionSearchModel.swift; sourceTree = "<group>"; };
		D97E0C36264D855C0001EE39 /* UserSearchModel.swift */ = {isa = PBXFileReference; lastKnownFileType = sourcecode.swift; path = UserSearchModel.swift; sourceTree = "<group>"; };
		D97E0C39264D884E0001EE39 /* CollectionTableCellViewModel.swift */ = {isa = PBXFileReference; lastKnownFileType = sourcecode.swift; path = CollectionTableCellViewModel.swift; sourceTree = "<group>"; };
		D97E0C3C264D88800001EE39 /* UserTableCellViewModel.swift */ = {isa = PBXFileReference; lastKnownFileType = sourcecode.swift; path = UserTableCellViewModel.swift; sourceTree = "<group>"; };
		D97E0C3F264DC4D30001EE39 /* LoginViewModel.swift */ = {isa = PBXFileReference; lastKnownFileType = sourcecode.swift; path = LoginViewModel.swift; sourceTree = "<group>"; };
		D97E0C41264E41B40001EE39 /* TopicSplashModel.swift */ = {isa = PBXFileReference; lastKnownFileType = sourcecode.swift; path = TopicSplashModel.swift; sourceTree = "<group>"; };
		D97E0C45264E52380001EE39 /* TopicDataCellViewModel.swift */ = {isa = PBXFileReference; lastKnownFileType = sourcecode.swift; path = TopicDataCellViewModel.swift; sourceTree = "<group>"; };
		D97E0C47264E5F860001EE39 /* UIView+extension.swift */ = {isa = PBXFileReference; fileEncoding = 4; lastKnownFileType = sourcecode.swift; path = "UIView+extension.swift"; sourceTree = "<group>"; };
		D97E0C4A264E76310001EE39 /* loginScreen3.png */ = {isa = PBXFileReference; lastKnownFileType = image.png; path = loginScreen3.png; sourceTree = "<group>"; };
		D97E0C4B264E76310001EE39 /* mainScreen1.png */ = {isa = PBXFileReference; lastKnownFileType = image.png; path = mainScreen1.png; sourceTree = "<group>"; };
		D97E0C4C264E76320001EE39 /* searchScreen1.png */ = {isa = PBXFileReference; lastKnownFileType = image.png; path = searchScreen1.png; sourceTree = "<group>"; };
		D97E0C4D264E76320001EE39 /* loginScreen1.png */ = {isa = PBXFileReference; lastKnownFileType = image.png; path = loginScreen1.png; sourceTree = "<group>"; };
		D97E0C4E264E76320001EE39 /* collectionScreen1.png */ = {isa = PBXFileReference; lastKnownFileType = image.png; path = collectionScreen1.png; sourceTree = "<group>"; };
		D97E0C4F264E76320001EE39 /* licenseScreen.png */ = {isa = PBXFileReference; lastKnownFileType = image.png; path = licenseScreen.png; sourceTree = "<group>"; };
		D97E0C51264E76330001EE39 /* searchScreen2.png */ = {isa = PBXFileReference; lastKnownFileType = image.png; path = searchScreen2.png; sourceTree = "<group>"; };
		D97E0C52264E76330001EE39 /* loginScreen.png */ = {isa = PBXFileReference; lastKnownFileType = image.png; path = loginScreen.png; sourceTree = "<group>"; };
		D97E0C53264E76330001EE39 /* searchScreen.png */ = {isa = PBXFileReference; lastKnownFileType = image.png; path = searchScreen.png; sourceTree = "<group>"; };
		D97E0C54264E76330001EE39 /* collectionScreen.png */ = {isa = PBXFileReference; lastKnownFileType = image.png; path = collectionScreen.png; sourceTree = "<group>"; };
		D97E0C55264E76340001EE39 /* mainScreen.png */ = {isa = PBXFileReference; lastKnownFileType = image.png; path = mainScreen.png; sourceTree = "<group>"; };
		D97E0C56264E76340001EE39 /* loginScreen2.png */ = {isa = PBXFileReference; lastKnownFileType = image.png; path = loginScreen2.png; sourceTree = "<group>"; };
		D97E0C64264E772F0001EE39 /* appstore.png */ = {isa = PBXFileReference; lastKnownFileType = image.png; path = appstore.png; sourceTree = "<group>"; };
		D97E0C66264E793C0001EE39 /* mainScreen2.png */ = {isa = PBXFileReference; lastKnownFileType = image.png; path = mainScreen2.png; sourceTree = "<group>"; };
		D97E0C68264E80100001EE39 /* searchScreen.gif */ = {isa = PBXFileReference; lastKnownFileType = image.gif; path = searchScreen.gif; sourceTree = "<group>"; };
		D97E0C69264E80110001EE39 /* mainScreen.gif */ = {isa = PBXFileReference; lastKnownFileType = image.gif; path = mainScreen.gif; sourceTree = "<group>"; };
		D97E0C6B264E80120001EE39 /* collectionScreen.gif */ = {isa = PBXFileReference; lastKnownFileType = image.gif; path = collectionScreen.gif; sourceTree = "<group>"; };
		D97E0C70264E820C0001EE39 /* detailsScreen.png */ = {isa = PBXFileReference; lastKnownFileType = image.png; path = detailsScreen.png; sourceTree = "<group>"; };
		D97E0C72264E84230001EE39 /* loginScreen.gif */ = {isa = PBXFileReference; lastKnownFileType = image.gif; path = loginScreen.gif; sourceTree = "<group>"; };
		D97E0C76264F0C950001EE39 /* MyProfileViewModel.swift */ = {isa = PBXFileReference; lastKnownFileType = sourcecode.swift; path = MyProfileViewModel.swift; sourceTree = "<group>"; };
		D97E0C79264F19240001EE39 /* FileHandler.swift */ = {isa = PBXFileReference; lastKnownFileType = sourcecode.swift; path = FileHandler.swift; sourceTree = "<group>"; };
		D97E0C7B264F1DE20001EE39 /* dataSet1.png */ = {isa = PBXFileReference; lastKnownFileType = image.png; path = dataSet1.png; sourceTree = "<group>"; };
		D97E0C7C264F1DE30001EE39 /* dataSet2.png */ = {isa = PBXFileReference; lastKnownFileType = image.png; path = dataSet2.png; sourceTree = "<group>"; };
		D97E0C7F26523DEA0001EE39 /* FirstViewController.swift */ = {isa = PBXFileReference; lastKnownFileType = sourcecode.swift; path = FirstViewController.swift; sourceTree = "<group>"; };
		D97E0C822652BF210001EE39 /* DetailsViewModel.swift */ = {isa = PBXFileReference; lastKnownFileType = sourcecode.swift; path = DetailsViewModel.swift; sourceTree = "<group>"; };
		D97E0C86265308240001EE39 /* ProfileLikeTableViewCell.swift */ = {isa = PBXFileReference; lastKnownFileType = sourcecode.swift; path = ProfileLikeTableViewCell.swift; sourceTree = "<group>"; };
		D97E0C9026544C5A0001EE39 /* MyUploadedImageViewCell.swift */ = {isa = PBXFileReference; lastKnownFileType = sourcecode.swift; path = MyUploadedImageViewCell.swift; sourceTree = "<group>"; };
		D97E0C9126544C5A0001EE39 /* MyUploadedImageViewCell.xib */ = {isa = PBXFileReference; lastKnownFileType = file.xib; path = MyUploadedImageViewCell.xib; sourceTree = "<group>"; };
		D9B3646A264588460047707E /* SplashTableViewCell.xib */ = {isa = PBXFileReference; lastKnownFileType = file.xib; path = SplashTableViewCell.xib; sourceTree = "<group>"; };
		D9B3646B264588460047707E /* SplashTableViewCell.swift */ = {isa = PBXFileReference; lastKnownFileType = sourcecode.swift; path = SplashTableViewCell.swift; sourceTree = "<group>"; };
		D9B3646F264588D40047707E /* ParameterEncoder.swift */ = {isa = PBXFileReference; lastKnownFileType = sourcecode.swift; path = ParameterEncoder.swift; sourceTree = "<group>"; };
		D9B36470264588D40047707E /* URLParameterEncoder.swift */ = {isa = PBXFileReference; lastKnownFileType = sourcecode.swift; path = URLParameterEncoder.swift; sourceTree = "<group>"; };
		D9B36471264588D40047707E /* JSONParameterEncoder.swift */ = {isa = PBXFileReference; lastKnownFileType = sourcecode.swift; path = JSONParameterEncoder.swift; sourceTree = "<group>"; };
		D9B36475264588D40047707E /* HTTPTask.swift */ = {isa = PBXFileReference; lastKnownFileType = sourcecode.swift; path = HTTPTask.swift; sourceTree = "<group>"; };
		D9B36476264588D40047707E /* HTTPMethod.swift */ = {isa = PBXFileReference; lastKnownFileType = sourcecode.swift; path = HTTPMethod.swift; sourceTree = "<group>"; };
		D9B36477264588D40047707E /* Router.swift */ = {isa = PBXFileReference; lastKnownFileType = sourcecode.swift; path = Router.swift; sourceTree = "<group>"; };
		D9B36478264588D40047707E /* EndPoint+Ext.swift */ = {isa = PBXFileReference; lastKnownFileType = sourcecode.swift; path = "EndPoint+Ext.swift"; sourceTree = "<group>"; };
		D9B3647B264590E40047707E /* MainListViewModel.swift */ = {isa = PBXFileReference; lastKnownFileType = sourcecode.swift; path = MainListViewModel.swift; sourceTree = "<group>"; };
		D9B3647D264592020047707E /* SplashCellViewModel.swift */ = {isa = PBXFileReference; lastKnownFileType = sourcecode.swift; path = SplashCellViewModel.swift; sourceTree = "<group>"; };
		D9CA3ECC2655854D00DB4749 /* ProfileLikeTableViewCell.xib */ = {isa = PBXFileReference; lastKnownFileType = file.xib; path = ProfileLikeTableViewCell.xib; sourceTree = "<group>"; };
		D9CA3ED02658123600DB4749 /* DetailsInfoSubViewController.swift */ = {isa = PBXFileReference; lastKnownFileType = sourcecode.swift; path = DetailsInfoSubViewController.swift; sourceTree = "<group>"; };
		D9CA3ED5265826BD00DB4749 /* DetailsInfoSubView.storyboard */ = {isa = PBXFileReference; lastKnownFileType = file.storyboard; path = DetailsInfoSubView.storyboard; sourceTree = "<group>"; };
		D9CA3EDE26584D3600DB4749 /* StretchingHeaderView.swift */ = {isa = PBXFileReference; lastKnownFileType = sourcecode.swift; path = StretchingHeaderView.swift; sourceTree = "<group>"; };
		D9CA3EE3265C07F700DB4749 /* mainScreen1.gif */ = {isa = PBXFileReference; lastKnownFileType = image.gif; path = mainScreen1.gif; sourceTree = "<group>"; };
		D9DBFAAB26459C2D00BFB61B /* CellReusable+Extension.swift */ = {isa = PBXFileReference; fileEncoding = 4; lastKnownFileType = sourcecode.swift; path = "CellReusable+Extension.swift"; sourceTree = "<group>"; };
		D9DBFAB02645B63000BFB61B /* AppError.swift */ = {isa = PBXFileReference; lastKnownFileType = sourcecode.swift; path = AppError.swift; sourceTree = "<group>"; };
		D9DBFAB82645D10E00BFB61B /* CollectionViewCategoryCell.swift */ = {isa = PBXFileReference; lastKnownFileType = sourcecode.swift; path = CollectionViewCategoryCell.swift; sourceTree = "<group>"; };
		D9DBFAC52649820700BFB61B /* SearchViewController.swift */ = {isa = PBXFileReference; lastKnownFileType = sourcecode.swift; path = SearchViewController.swift; sourceTree = "<group>"; };
		D9DBFB022649895900BFB61B /* SplashCollectionApi.swift */ = {isa = PBXFileReference; lastKnownFileType = sourcecode.swift; path = SplashCollectionApi.swift; sourceTree = "<group>"; };
		D9DBFB09264995F300BFB61B /* SearchApi.swift */ = {isa = PBXFileReference; lastKnownFileType = sourcecode.swift; path = SearchApi.swift; sourceTree = "<group>"; };
		D9DBFB0B2649999700BFB61B /* SearchViewModel.swift */ = {isa = PBXFileReference; lastKnownFileType = sourcecode.swift; path = SearchViewModel.swift; sourceTree = "<group>"; };
		D9DBFB0D26499AAC00BFB61B /* SearchModel.swift */ = {isa = PBXFileReference; lastKnownFileType = sourcecode.swift; path = SearchModel.swift; sourceTree = "<group>"; };
		D9DBFB0F2649BDA200BFB61B /* SearchTableViewModel.swift */ = {isa = PBXFileReference; lastKnownFileType = sourcecode.swift; path = SearchTableViewModel.swift; sourceTree = "<group>"; };
		D9DBFB122649CF5A00BFB61B /* DetailsViewController.swift */ = {isa = PBXFileReference; lastKnownFileType = sourcecode.swift; path = DetailsViewController.swift; sourceTree = "<group>"; };
		D9DBFB1B264A272F00BFB61B /* ImageDetailsInformation.swift */ = {isa = PBXFileReference; lastKnownFileType = sourcecode.swift; path = ImageDetailsInformation.swift; sourceTree = "<group>"; };
		D9DBFB1F264A5A7100BFB61B /* GoogleService-Info.plist */ = {isa = PBXFileReference; fileEncoding = 4; lastKnownFileType = text.plist.xml; path = "GoogleService-Info.plist"; sourceTree = "<group>"; };
		D9DBFB23264A629700BFB61B /* RegisterViewController.swift */ = {isa = PBXFileReference; lastKnownFileType = sourcecode.swift; path = RegisterViewController.swift; sourceTree = "<group>"; };
		D9DBFB27264A630300BFB61B /* LoginViewController.swift */ = {isa = PBXFileReference; lastKnownFileType = sourcecode.swift; path = LoginViewController.swift; sourceTree = "<group>"; };
		D9DBFB2A264AE40300BFB61B /* MyProfileViewController.swift */ = {isa = PBXFileReference; lastKnownFileType = sourcecode.swift; path = MyProfileViewController.swift; sourceTree = "<group>"; };
		D9DBFB2F264AEE4700BFB61B /* ContributeController.swift */ = {isa = PBXFileReference; lastKnownFileType = sourcecode.swift; path = ContributeController.swift; sourceTree = "<group>"; };
		D9DBFB32264AF15300BFB61B /* ContributeViewModel.swift */ = {isa = PBXFileReference; lastKnownFileType = sourcecode.swift; path = ContributeViewModel.swift; sourceTree = "<group>"; };
		D9DBFB35264AF96100BFB61B /* LatestCollectionApi.swift */ = {isa = PBXFileReference; lastKnownFileType = sourcecode.swift; path = LatestCollectionApi.swift; sourceTree = "<group>"; };
		D9DBFB39264B0F9A00BFB61B /* CollectionCellViewModel.swift */ = {isa = PBXFileReference; lastKnownFileType = sourcecode.swift; path = CollectionCellViewModel.swift; sourceTree = "<group>"; };
		D9DBFB3C264B182900BFB61B /* LatestCollectionCellView.swift */ = {isa = PBXFileReference; lastKnownFileType = sourcecode.swift; path = LatestCollectionCellView.swift; sourceTree = "<group>"; };
		D9DBFB41264B92E300BFB61B /* LatestModel.swift */ = {isa = PBXFileReference; lastKnownFileType = sourcecode.swift; path = LatestModel.swift; sourceTree = "<group>"; };
		D9DBFB44264C2CF900BFB61B /* LicenseViewController.swift */ = {isa = PBXFileReference; lastKnownFileType = sourcecode.swift; path = LicenseViewController.swift; sourceTree = "<group>"; };
		D9DBFB48264C2EAE00BFB61B /* LicenseScreenViewModel.swift */ = {isa = PBXFileReference; lastKnownFileType = sourcecode.swift; path = LicenseScreenViewModel.swift; sourceTree = "<group>"; };
		D9DBFB4B264C342500BFB61B /* ContactFunctionHandler.swift */ = {isa = PBXFileReference; fileEncoding = 4; lastKnownFileType = sourcecode.swift; path = ContactFunctionHandler.swift; sourceTree = "<group>"; };
		D9DBFB4D264C373A00BFB61B /* UIViewController+Ext.swift */ = {isa = PBXFileReference; lastKnownFileType = sourcecode.swift; path = "UIViewController+Ext.swift"; sourceTree = "<group>"; };
		D9DBFB54264C4A3400BFB61B /* AlertProtocol.swift */ = {isa = PBXFileReference; fileEncoding = 4; lastKnownFileType = sourcecode.swift; path = AlertProtocol.swift; sourceTree = "<group>"; };
		D9DBFB57264C5D6100BFB61B /* User.swift */ = {isa = PBXFileReference; lastKnownFileType = sourcecode.swift; path = User.swift; sourceTree = "<group>"; };
		D9DBFB5B264C71A200BFB61B /* LoginView.storyboard */ = {isa = PBXFileReference; lastKnownFileType = file.storyboard; path = LoginView.storyboard; sourceTree = "<group>"; };
		D9DBFB5E264C75BE00BFB61B /* LoginSubviewController.swift */ = {isa = PBXFileReference; lastKnownFileType = sourcecode.swift; path = LoginSubviewController.swift; sourceTree = "<group>"; };
/* End PBXFileReference section */

/* Begin PBXFrameworksBuildPhase section */
		D909C79A2642BA2500713750 /* Frameworks */ = {
			isa = PBXFrameworksBuildPhase;
			buildActionMask = 2147483647;
			files = (
				96D11A8C8CD3C76576D3A814 /* Pods_UnsplashCloneApp.framework in Frameworks */,
			);
			runOnlyForDeploymentPostprocessing = 0;
		};
/* End PBXFrameworksBuildPhase section */

/* Begin PBXGroup section */
		668E2D36405339A1FB154BA7 /* Pods */ = {
			isa = PBXGroup;
			children = (
				13B9AD868D1FA91155746D3F /* Pods-UnsplashCloneApp.debug.xcconfig */,
				90BCD90801E7F05FF59AB208 /* Pods-UnsplashCloneApp.release.xcconfig */,
			);
			path = Pods;
			sourceTree = "<group>";
		};
		8B3D42ED93CEF8F00C9DBBC3 /* Frameworks */ = {
			isa = PBXGroup;
			children = (
				6B12E671CD450B2031844040 /* Pods_UnsplashCloneApp.framework */,
			);
			name = Frameworks;
			sourceTree = "<group>";
		};
		D909C7942642BA2500713750 = {
			isa = PBXGroup;
			children = (
				D909C79F2642BA2500713750 /* UnsplashCloneApp */,
				D909C79E2642BA2500713750 /* Products */,
				668E2D36405339A1FB154BA7 /* Pods */,
				8B3D42ED93CEF8F00C9DBBC3 /* Frameworks */,
			);
			sourceTree = "<group>";
		};
		D909C79E2642BA2500713750 /* Products */ = {
			isa = PBXGroup;
			children = (
				D909C79D2642BA2500713750 /* UnsplashCloneApp.app */,
			);
			name = Products;
			sourceTree = "<group>";
		};
		D909C79F2642BA2500713750 /* UnsplashCloneApp */ = {
			isa = PBXGroup;
			children = (
				D909C7B92642BA6F00713750 /* Resources */,
				D909C7B62642BA4300713750 /* Storyboard */,
				D909C7B52642BA3B00713750 /* Modules */,
				D909C7B42642BA3100713750 /* Common */,
			);
			path = UnsplashCloneApp;
			sourceTree = "<group>";
		};
		D909C7B42642BA3100713750 /* Common */ = {
			isa = PBXGroup;
			children = (
				D909C7A02642BA2500713750 /* AppDelegate.swift */,
				D9DBFB1F264A5A7100BFB61B /* GoogleService-Info.plist */,
				D909C7A22642BA2500713750 /* SceneDelegate.swift */,
				D909C7AE2642BA2700713750 /* Info.plist */,
			);
			path = Common;
			sourceTree = "<group>";
		};
		D909C7B52642BA3B00713750 /* Modules */ = {
			isa = PBXGroup;
			children = (
				D9DBFB2D264AECE800BFB61B /* ContributeScreen */,
				D9DBFB29264AE30600BFB61B /* MyProfileScreen */,
				D9DBFB22264A627C00BFB61B /* RegisterScreen */,
				D9DBFB21264A626F00BFB61B /* LoginScreen */,
				D9DBFB1E264A3B4500BFB61B /* LicenseScreen */,
				D9DBFB112649CF2400BFB61B /* DetailsScreen */,
				D9B3646C264588860047707E /* Reusuable Components */,
				D9DBFAC4264981D900BFB61B /* SearchScreen */,
				D909C7B72642BA5700713750 /* MainScreen */,
			);
			path = Modules;
			sourceTree = "<group>";
		};
		D909C7B62642BA4300713750 /* Storyboard */ = {
			isa = PBXGroup;
			children = (
				D909C7A62642BA2500713750 /* Main.storyboard */,
				D909C7AB2642BA2700713750 /* LaunchScreen.storyboard */,
			);
			path = Storyboard;
			sourceTree = "<group>";
		};
		D909C7B72642BA5700713750 /* MainScreen */ = {
			isa = PBXGroup;
			children = (
				D9B36467264588390047707E /* EndPoint */,
				D909C7BC2642F47E00713750 /* ViewModel */,
				D909C7BB2642F47700713750 /* Model */,
				D909C7BA2642F47200713750 /* View */,
				D909C7B82642BA6500713750 /* Controller */,
			);
			path = MainScreen;
			sourceTree = "<group>";
		};
		D909C7B82642BA6500713750 /* Controller */ = {
			isa = PBXGroup;
			children = (
				D909C7A42642BA2500713750 /* MainListViewController.swift */,
				D97E0C7F26523DEA0001EE39 /* FirstViewController.swift */,
			);
			path = Controller;
			sourceTree = "<group>";
		};
		D909C7B92642BA6F00713750 /* Resources */ = {
			isa = PBXGroup;
			children = (
				D97E0C49264E6EF50001EE39 /* Github Resource */,
				D909C7A92642BA2700713750 /* Assets.xcassets */,
			);
			path = Resources;
			sourceTree = "<group>";
		};
		D909C7BA2642F47200713750 /* View */ = {
			isa = PBXGroup;
			children = (
				D9CA3ED72658403C00DB4749 /* HeaderView */,
				D9DBFAB72645D0FB00BFB61B /* CollectionViewCell */,
				D9B36469264588460047707E /* TableViewCell */,
			);
			path = View;
			sourceTree = "<group>";
		};
		D909C7BB2642F47700713750 /* Model */ = {
			isa = PBXGroup;
			children = (
				D909C7BE2642F50500713750 /* SplashModel.swift */,
				D97E0C41264E41B40001EE39 /* TopicSplashModel.swift */,
			);
			path = Model;
			sourceTree = "<group>";
		};
		D909C7BC2642F47E00713750 /* ViewModel */ = {
			isa = PBXGroup;
			children = (
				D97E0C44264E52150001EE39 /* TopictableCellViewModel */,
				D9B3647A26458F640047707E /* TableCellViewModel */,
				D9B3647926458F5B0047707E /* MainListViewModel */,
			);
			path = ViewModel;
			sourceTree = "<group>";
		};
		D97E0C25264CAADE0001EE39 /* ViewModel */ = {
			isa = PBXGroup;
			children = (
				D97E0C26264CAAFA0001EE39 /* RegisterViewModel.swift */,
			);
			path = ViewModel;
			sourceTree = "<group>";
		};
		D97E0C28264D76920001EE39 /* CollectionsCell */ = {
			isa = PBXGroup;
			children = (
				D97E0C2B264D774A0001EE39 /* CollectionTableViewCell.swift */,
				D97E0C2C264D774A0001EE39 /* CollectionTableViewCell.xib */,
			);
			path = CollectionsCell;
			sourceTree = "<group>";
		};
		D97E0C2A264D76E90001EE39 /* UsersCell */ = {
			isa = PBXGroup;
			children = (
				D97E0C2F264D77670001EE39 /* UsersTableViewCell.swift */,
				D97E0C30264D77670001EE39 /* UsersTableViewCell.xib */,
			);
			path = UsersCell;
			sourceTree = "<group>";
		};
		D97E0C3E264DC4910001EE39 /* ViewModel */ = {
			isa = PBXGroup;
			children = (
				D97E0C3F264DC4D30001EE39 /* LoginViewModel.swift */,
			);
			path = ViewModel;
			sourceTree = "<group>";
		};
		D97E0C44264E52150001EE39 /* TopictableCellViewModel */ = {
			isa = PBXGroup;
			children = (
				D97E0C45264E52380001EE39 /* TopicDataCellViewModel.swift */,
			);
			path = TopictableCellViewModel;
			sourceTree = "<group>";
		};
		D97E0C49264E6EF50001EE39 /* Github Resource */ = {
			isa = PBXGroup;
			children = (
				D97E0C7B264F1DE20001EE39 /* dataSet1.png */,
				D97E0C7C264F1DE30001EE39 /* dataSet2.png */,
				D97E0C4F264E76320001EE39 /* licenseScreen.png */,
				D97E0C52264E76330001EE39 /* loginScreen.png */,
				D97E0C72264E84230001EE39 /* loginScreen.gif */,
				D97E0C4D264E76320001EE39 /* loginScreen1.png */,
				D97E0C66264E793C0001EE39 /* mainScreen2.png */,
				D97E0C6B264E80120001EE39 /* collectionScreen.gif */,
				D97E0C69264E80110001EE39 /* mainScreen.gif */,
				D97E0C68264E80100001EE39 /* searchScreen.gif */,
				D97E0C64264E772F0001EE39 /* appstore.png */,
				D97E0C55264E76340001EE39 /* mainScreen.png */,
				D9CA3EE3265C07F700DB4749 /* mainScreen1.gif */,
				D97E0C70264E820C0001EE39 /* detailsScreen.png */,
				D97E0C4B264E76310001EE39 /* mainScreen1.png */,
				D97E0C4A264E76310001EE39 /* loginScreen3.png */,
				D97E0C56264E76340001EE39 /* loginScreen2.png */,
				D97E0C53264E76330001EE39 /* searchScreen.png */,
				D97E0C4C264E76320001EE39 /* searchScreen1.png */,
				D97E0C51264E76330001EE39 /* searchScreen2.png */,
				D97E0C4E264E76320001EE39 /* collectionScreen1.png */,
				D97E0C54264E76330001EE39 /* collectionScreen.png */,
			);
			path = "Github Resource";
			sourceTree = "<group>";
		};
		D97E0C74264F05FC0001EE39 /* View */ = {
			isa = PBXGroup;
			children = (
				D9DBFB5B264C71A200BFB61B /* LoginView.storyboard */,
			);
			path = View;
			sourceTree = "<group>";
		};
		D97E0C75264F0C7B0001EE39 /* ViewModel */ = {
			isa = PBXGroup;
			children = (
				D97E0C76264F0C950001EE39 /* MyProfileViewModel.swift */,
			);
			path = ViewModel;
			sourceTree = "<group>";
		};
		D97E0C78264F19090001EE39 /* FileHandler */ = {
			isa = PBXGroup;
			children = (
				D97E0C79264F19240001EE39 /* FileHandler.swift */,
			);
			path = FileHandler;
			sourceTree = "<group>";
		};
		D97E0C812652BF000001EE39 /* ViewModel */ = {
			isa = PBXGroup;
			children = (
				D97E0C822652BF210001EE39 /* DetailsViewModel.swift */,
			);
			path = ViewModel;
			sourceTree = "<group>";
		};
		D97E0C85265307BE0001EE39 /* View */ = {
			isa = PBXGroup;
			children = (
				D97E0C86265308240001EE39 /* ProfileLikeTableViewCell.swift */,
				D97E0C9026544C5A0001EE39 /* MyUploadedImageViewCell.swift */,
				D97E0C9126544C5A0001EE39 /* MyUploadedImageViewCell.xib */,
				D9CA3ECC2655854D00DB4749 /* ProfileLikeTableViewCell.xib */,
			);
			path = View;
			sourceTree = "<group>";
		};
		D9B36467264588390047707E /* EndPoint */ = {
			isa = PBXGroup;
			children = (
				D9DBFB022649895900BFB61B /* SplashCollectionApi.swift */,
			);
			path = EndPoint;
			sourceTree = "<group>";
		};
		D9B36469264588460047707E /* TableViewCell */ = {
			isa = PBXGroup;
			children = (
				D9B3646A264588460047707E /* SplashTableViewCell.xib */,
				D9B3646B264588460047707E /* SplashTableViewCell.swift */,
			);
			path = TableViewCell;
			sourceTree = "<group>";
		};
		D9B3646C264588860047707E /* Reusuable Components */ = {
			isa = PBXGroup;
			children = (
				D97E0C78264F19090001EE39 /* FileHandler */,
				D9DBFB54264C4A3400BFB61B /* AlertProtocol.swift */,
				D9DBFB4A264C342500BFB61B /* ContactFunctionHandler */,
				D9B3646D264588D40047707E /* NetworkLayer */,
				D9DBFAAB26459C2D00BFB61B /* CellReusable+Extension.swift */,
				D9DBFAB02645B63000BFB61B /* AppError.swift */,
				D97E0C47264E5F860001EE39 /* UIView+extension.swift */,
				D9DBFB4D264C373A00BFB61B /* UIViewController+Ext.swift */,
			);
			path = "Reusuable Components";
			sourceTree = "<group>";
		};
		D9B3646D264588D40047707E /* NetworkLayer */ = {
			isa = PBXGroup;
			children = (
				D9B3646E264588D40047707E /* Encoding */,
				D9B36474264588D40047707E /* Service */,
			);
			path = NetworkLayer;
			sourceTree = "<group>";
		};
		D9B3646E264588D40047707E /* Encoding */ = {
			isa = PBXGroup;
			children = (
				D9B3646F264588D40047707E /* ParameterEncoder.swift */,
				D9B36470264588D40047707E /* URLParameterEncoder.swift */,
				D9B36471264588D40047707E /* JSONParameterEncoder.swift */,
			);
			path = Encoding;
			sourceTree = "<group>";
		};
		D9B36474264588D40047707E /* Service */ = {
			isa = PBXGroup;
			children = (
				D9B36475264588D40047707E /* HTTPTask.swift */,
				D9B36476264588D40047707E /* HTTPMethod.swift */,
				D9B36477264588D40047707E /* Router.swift */,
				D9B36478264588D40047707E /* EndPoint+Ext.swift */,
			);
			path = Service;
			sourceTree = "<group>";
		};
		D9B3647926458F5B0047707E /* MainListViewModel */ = {
			isa = PBXGroup;
			children = (
				D9B3647B264590E40047707E /* MainListViewModel.swift */,
			);
			path = MainListViewModel;
			sourceTree = "<group>";
		};
		D9B3647A26458F640047707E /* TableCellViewModel */ = {
			isa = PBXGroup;
			children = (
				D9B3647D264592020047707E /* SplashCellViewModel.swift */,
			);
			path = TableCellViewModel;
			sourceTree = "<group>";
		};
		D9CA3ED72658403C00DB4749 /* HeaderView */ = {
			isa = PBXGroup;
			children = (
				D9CA3EDE26584D3600DB4749 /* StretchingHeaderView.swift */,
			);
			path = HeaderView;
			sourceTree = "<group>";
		};
		D9DBFAB72645D0FB00BFB61B /* CollectionViewCell */ = {
			isa = PBXGroup;
			children = (
				D9DBFAB82645D10E00BFB61B /* CollectionViewCategoryCell.swift */,
			);
			path = CollectionViewCell;
			sourceTree = "<group>";
		};
		D9DBFAC4264981D900BFB61B /* SearchScreen */ = {
			isa = PBXGroup;
			children = (
				D9DBFB08264995E100BFB61B /* EndPoint */,
				D9DBFB072649958000BFB61B /* Model */,
				D9DBFB062649957600BFB61B /* ViewModel */,
				D9DBFB052649956D00BFB61B /* View */,
				D9DBFB042649955900BFB61B /* Controller */,
			);
			path = SearchScreen;
			sourceTree = "<group>";
		};
		D9DBFB042649955900BFB61B /* Controller */ = {
			isa = PBXGroup;
			children = (
				D9DBFAC52649820700BFB61B /* SearchViewController.swift */,
			);
			path = Controller;
			sourceTree = "<group>";
		};
		D9DBFB052649956D00BFB61B /* View */ = {
			isa = PBXGroup;
			children = (
				D97E0C2A264D76E90001EE39 /* UsersCell */,
				D97E0C28264D76920001EE39 /* CollectionsCell */,
			);
			path = View;
			sourceTree = "<group>";
		};
		D9DBFB062649957600BFB61B /* ViewModel */ = {
			isa = PBXGroup;
			children = (
				D9DBFB0B2649999700BFB61B /* SearchViewModel.swift */,
				D9DBFB0F2649BDA200BFB61B /* SearchTableViewModel.swift */,
				D97E0C39264D884E0001EE39 /* CollectionTableCellViewModel.swift */,
				D97E0C3C264D88800001EE39 /* UserTableCellViewModel.swift */,
			);
			path = ViewModel;
			sourceTree = "<group>";
		};
		D9DBFB072649958000BFB61B /* Model */ = {
			isa = PBXGroup;
			children = (
				D9DBFB0D26499AAC00BFB61B /* SearchModel.swift */,
				D97E0C34264D847E0001EE39 /* CollectionSearchModel.swift */,
				D97E0C36264D855C0001EE39 /* UserSearchModel.swift */,
			);
			path = Model;
			sourceTree = "<group>";
		};
		D9DBFB08264995E100BFB61B /* EndPoint */ = {
			isa = PBXGroup;
			children = (
				D9DBFB09264995F300BFB61B /* SearchApi.swift */,
			);
			path = EndPoint;
			sourceTree = "<group>";
		};
		D9DBFB112649CF2400BFB61B /* DetailsScreen */ = {
			isa = PBXGroup;
			children = (
				D97E0C812652BF000001EE39 /* ViewModel */,
				D9DBFB1D264A274200BFB61B /* Model */,
				D9DBFB172649D49B00BFB61B /* DetailsView */,
				D9DBFB142649D21100BFB61B /* Controller */,
			);
			path = DetailsScreen;
			sourceTree = "<group>";
		};
		D9DBFB142649D21100BFB61B /* Controller */ = {
			isa = PBXGroup;
			children = (
				D9DBFB122649CF5A00BFB61B /* DetailsViewController.swift */,
				D9CA3ED02658123600DB4749 /* DetailsInfoSubViewController.swift */,
			);
			path = Controller;
			sourceTree = "<group>";
		};
		D9DBFB172649D49B00BFB61B /* DetailsView */ = {
			isa = PBXGroup;
			children = (
				D9CA3ED5265826BD00DB4749 /* DetailsInfoSubView.storyboard */,
			);
			path = DetailsView;
			sourceTree = "<group>";
		};
		D9DBFB1D264A274200BFB61B /* Model */ = {
			isa = PBXGroup;
			children = (
				D9DBFB1B264A272F00BFB61B /* ImageDetailsInformation.swift */,
			);
			path = Model;
			sourceTree = "<group>";
		};
		D9DBFB1E264A3B4500BFB61B /* LicenseScreen */ = {
			isa = PBXGroup;
			children = (
				D9DBFB47264C2E9200BFB61B /* ViewModel */,
				D9DBFB46264C2E8900BFB61B /* Controller */,
			);
			path = LicenseScreen;
			sourceTree = "<group>";
		};
		D9DBFB21264A626F00BFB61B /* LoginScreen */ = {
			isa = PBXGroup;
			children = (
				D97E0C74264F05FC0001EE39 /* View */,
				D97E0C3E264DC4910001EE39 /* ViewModel */,
				D9DBFB26264A62E600BFB61B /* Controller */,
			);
			path = LoginScreen;
			sourceTree = "<group>";
		};
		D9DBFB22264A627C00BFB61B /* RegisterScreen */ = {
			isa = PBXGroup;
			children = (
				D97E0C25264CAADE0001EE39 /* ViewModel */,
				D9DBFB56264C5D3100BFB61B /* Model */,
				D9DBFB25264A629F00BFB61B /* Controller */,
			);
			path = RegisterScreen;
			sourceTree = "<group>";
		};
		D9DBFB25264A629F00BFB61B /* Controller */ = {
			isa = PBXGroup;
			children = (
				D9DBFB23264A629700BFB61B /* RegisterViewController.swift */,
			);
			path = Controller;
			sourceTree = "<group>";
		};
		D9DBFB26264A62E600BFB61B /* Controller */ = {
			isa = PBXGroup;
			children = (
				D9DBFB5E264C75BE00BFB61B /* LoginSubviewController.swift */,
				D9DBFB27264A630300BFB61B /* LoginViewController.swift */,
			);
			path = Controller;
			sourceTree = "<group>";
		};
		D9DBFB29264AE30600BFB61B /* MyProfileScreen */ = {
			isa = PBXGroup;
			children = (
				D97E0C85265307BE0001EE39 /* View */,
				D97E0C75264F0C7B0001EE39 /* ViewModel */,
				D9DBFB2C264AE40B00BFB61B /* Controller */,
			);
			path = MyProfileScreen;
			sourceTree = "<group>";
		};
		D9DBFB2C264AE40B00BFB61B /* Controller */ = {
			isa = PBXGroup;
			children = (
				D9DBFB2A264AE40300BFB61B /* MyProfileViewController.swift */,
			);
			path = Controller;
			sourceTree = "<group>";
		};
		D9DBFB2D264AECE800BFB61B /* ContributeScreen */ = {
			isa = PBXGroup;
			children = (
				D9DBFB40264B92BD00BFB61B /* Model */,
				D9DBFB3B264B180F00BFB61B /* View */,
				D9DBFB34264AF92C00BFB61B /* ContributeApi */,
				D9DBFB31264AF13C00BFB61B /* ViewModel */,
				D9DBFB2E264AED0900BFB61B /* Controller */,
			);
			path = ContributeScreen;
			sourceTree = "<group>";
		};
		D9DBFB2E264AED0900BFB61B /* Controller */ = {
			isa = PBXGroup;
			children = (
				D9DBFB2F264AEE4700BFB61B /* ContributeController.swift */,
			);
			path = Controller;
			sourceTree = "<group>";
		};
		D9DBFB31264AF13C00BFB61B /* ViewModel */ = {
			isa = PBXGroup;
			children = (
				D9DBFB38264B0F6A00BFB61B /* ContributeViewModel */,
				D9DBFB37264B0F4C00BFB61B /* CollectionCellViewModel */,
			);
			path = ViewModel;
			sourceTree = "<group>";
		};
		D9DBFB34264AF92C00BFB61B /* ContributeApi */ = {
			isa = PBXGroup;
			children = (
				D9DBFB35264AF96100BFB61B /* LatestCollectionApi.swift */,
			);
			path = ContributeApi;
			sourceTree = "<group>";
		};
		D9DBFB37264B0F4C00BFB61B /* CollectionCellViewModel */ = {
			isa = PBXGroup;
			children = (
				D9DBFB39264B0F9A00BFB61B /* CollectionCellViewModel.swift */,
			);
			path = CollectionCellViewModel;
			sourceTree = "<group>";
		};
		D9DBFB38264B0F6A00BFB61B /* ContributeViewModel */ = {
			isa = PBXGroup;
			children = (
				D9DBFB32264AF15300BFB61B /* ContributeViewModel.swift */,
			);
			path = ContributeViewModel;
			sourceTree = "<group>";
		};
		D9DBFB3B264B180F00BFB61B /* View */ = {
			isa = PBXGroup;
			children = (
				D9DBFB3C264B182900BFB61B /* LatestCollectionCellView.swift */,
			);
			path = View;
			sourceTree = "<group>";
		};
		D9DBFB40264B92BD00BFB61B /* Model */ = {
			isa = PBXGroup;
			children = (
				D9DBFB41264B92E300BFB61B /* LatestModel.swift */,
			);
			path = Model;
			sourceTree = "<group>";
		};
		D9DBFB46264C2E8900BFB61B /* Controller */ = {
			isa = PBXGroup;
			children = (
				D9DBFB44264C2CF900BFB61B /* LicenseViewController.swift */,
			);
			path = Controller;
			sourceTree = "<group>";
		};
		D9DBFB47264C2E9200BFB61B /* ViewModel */ = {
			isa = PBXGroup;
			children = (
				D9DBFB48264C2EAE00BFB61B /* LicenseScreenViewModel.swift */,
			);
			path = ViewModel;
			sourceTree = "<group>";
		};
		D9DBFB4A264C342500BFB61B /* ContactFunctionHandler */ = {
			isa = PBXGroup;
			children = (
				D9DBFB4B264C342500BFB61B /* ContactFunctionHandler.swift */,
			);
			path = ContactFunctionHandler;
			sourceTree = "<group>";
		};
		D9DBFB56264C5D3100BFB61B /* Model */ = {
			isa = PBXGroup;
			children = (
				D9DBFB57264C5D6100BFB61B /* User.swift */,
			);
			path = Model;
			sourceTree = "<group>";
		};
/* End PBXGroup section */

/* Begin PBXNativeTarget section */
		D909C79C2642BA2500713750 /* UnsplashCloneApp */ = {
			isa = PBXNativeTarget;
			buildConfigurationList = D909C7B12642BA2700713750 /* Build configuration list for PBXNativeTarget "UnsplashCloneApp" */;
			buildPhases = (
				B6558B7D26210E08750EC7B1 /* [CP] Check Pods Manifest.lock */,
				D909C7992642BA2500713750 /* Sources */,
				D909C79A2642BA2500713750 /* Frameworks */,
				D909C79B2642BA2500713750 /* Resources */,
				9A63186C1C4CF085B1184343 /* [CP] Embed Pods Frameworks */,
				D9DBFB1A2649D6D700BFB61B /* ShellScript */,
			);
			buildRules = (
			);
			dependencies = (
			);
			name = UnsplashCloneApp;
			productName = UnsplashCloneApp;
			productReference = D909C79D2642BA2500713750 /* UnsplashCloneApp.app */;
			productType = "com.apple.product-type.application";
		};
/* End PBXNativeTarget section */

/* Begin PBXProject section */
		D909C7952642BA2500713750 /* Project object */ = {
			isa = PBXProject;
			attributes = {
				LastSwiftUpdateCheck = 1250;
				LastUpgradeCheck = 1250;
				TargetAttributes = {
					D909C79C2642BA2500713750 = {
						CreatedOnToolsVersion = 12.5;
					};
				};
			};
			buildConfigurationList = D909C7982642BA2500713750 /* Build configuration list for PBXProject "UnsplashCloneApp" */;
			compatibilityVersion = "Xcode 9.3";
			developmentRegion = en;
			hasScannedForEncodings = 0;
			knownRegions = (
				en,
				Base,
			);
			mainGroup = D909C7942642BA2500713750;
			productRefGroup = D909C79E2642BA2500713750 /* Products */;
			projectDirPath = "";
			projectRoot = "";
			targets = (
				D909C79C2642BA2500713750 /* UnsplashCloneApp */,
			);
		};
/* End PBXProject section */

/* Begin PBXResourcesBuildPhase section */
		D909C79B2642BA2500713750 /* Resources */ = {
			isa = PBXResourcesBuildPhase;
			buildActionMask = 2147483647;
			files = (
				D909C7AD2642BA2700713750 /* LaunchScreen.storyboard in Resources */,
				D97E0C9326544C5A0001EE39 /* MyUploadedImageViewCell.xib in Resources */,
				D9CA3ECD2655854D00DB4749 /* ProfileLikeTableViewCell.xib in Resources */,
				D909C7AA2642BA2700713750 /* Assets.xcassets in Resources */,
				D97E0C67264E793D0001EE39 /* mainScreen2.png in Resources */,
				D97E0C65264E772F0001EE39 /* appstore.png in Resources */,
				D97E0C5C264E76340001EE39 /* licenseScreen.png in Resources */,
				D9CA3EE4265C07F800DB4749 /* mainScreen1.gif in Resources */,
				D97E0C5F264E76340001EE39 /* loginScreen.png in Resources */,
				D97E0C32264D77670001EE39 /* UsersTableViewCell.xib in Resources */,
				D97E0C61264E76340001EE39 /* collectionScreen.png in Resources */,
				D97E0C5A264E76340001EE39 /* loginScreen1.png in Resources */,
				D97E0C7D264F1DE30001EE39 /* dataSet1.png in Resources */,
				D97E0C5B264E76340001EE39 /* collectionScreen1.png in Resources */,
				D97E0C60264E76340001EE39 /* searchScreen.png in Resources */,
				D97E0C57264E76340001EE39 /* loginScreen3.png in Resources */,
				D9DBFB20264A5A7200BFB61B /* GoogleService-Info.plist in Resources */,
				D97E0C6D264E80120001EE39 /* mainScreen.gif in Resources */,
				D97E0C2E264D774A0001EE39 /* CollectionTableViewCell.xib in Resources */,
				D9DBFAAE2645A70000BFB61B /* SplashTableViewCell.xib in Resources */,
				D97E0C6F264E80120001EE39 /* collectionScreen.gif in Resources */,
				D97E0C5E264E76340001EE39 /* searchScreen2.png in Resources */,
				D97E0C62264E76340001EE39 /* mainScreen.png in Resources */,
				D97E0C63264E76340001EE39 /* loginScreen2.png in Resources */,
				D9CA3ED6265826BD00DB4749 /* DetailsInfoSubView.storyboard in Resources */,
				D97E0C7E264F1DE30001EE39 /* dataSet2.png in Resources */,
				D97E0C73264E84230001EE39 /* loginScreen.gif in Resources */,
				D97E0C6C264E80120001EE39 /* searchScreen.gif in Resources */,
				D97E0C58264E76340001EE39 /* mainScreen1.png in Resources */,
				D9DBFB5C264C71A300BFB61B /* LoginView.storyboard in Resources */,
				D909C7A82642BA2500713750 /* Main.storyboard in Resources */,
				D97E0C59264E76340001EE39 /* searchScreen1.png in Resources */,
				D97E0C71264E820D0001EE39 /* detailsScreen.png in Resources */,
			);
			runOnlyForDeploymentPostprocessing = 0;
		};
/* End PBXResourcesBuildPhase section */

/* Begin PBXShellScriptBuildPhase section */
		9A63186C1C4CF085B1184343 /* [CP] Embed Pods Frameworks */ = {
			isa = PBXShellScriptBuildPhase;
			buildActionMask = 2147483647;
			files = (
			);
			inputFileListPaths = (
				"${PODS_ROOT}/Target Support Files/Pods-UnsplashCloneApp/Pods-UnsplashCloneApp-frameworks-${CONFIGURATION}-input-files.xcfilelist",
			);
			name = "[CP] Embed Pods Frameworks";
			outputFileListPaths = (
				"${PODS_ROOT}/Target Support Files/Pods-UnsplashCloneApp/Pods-UnsplashCloneApp-frameworks-${CONFIGURATION}-output-files.xcfilelist",
			);
			runOnlyForDeploymentPostprocessing = 0;
			shellPath = /bin/sh;
			shellScript = "\"${PODS_ROOT}/Target Support Files/Pods-UnsplashCloneApp/Pods-UnsplashCloneApp-frameworks.sh\"\n";
			showEnvVarsInLog = 0;
		};
		B6558B7D26210E08750EC7B1 /* [CP] Check Pods Manifest.lock */ = {
			isa = PBXShellScriptBuildPhase;
			buildActionMask = 2147483647;
			files = (
			);
			inputFileListPaths = (
			);
			inputPaths = (
				"${PODS_PODFILE_DIR_PATH}/Podfile.lock",
				"${PODS_ROOT}/Manifest.lock",
			);
			name = "[CP] Check Pods Manifest.lock";
			outputFileListPaths = (
			);
			outputPaths = (
				"$(DERIVED_FILE_DIR)/Pods-UnsplashCloneApp-checkManifestLockResult.txt",
			);
			runOnlyForDeploymentPostprocessing = 0;
			shellPath = /bin/sh;
			shellScript = "diff \"${PODS_PODFILE_DIR_PATH}/Podfile.lock\" \"${PODS_ROOT}/Manifest.lock\" > /dev/null\nif [ $? != 0 ] ; then\n    # print error to STDERR\n    echo \"error: The sandbox is not in sync with the Podfile.lock. Run 'pod install' or update your CocoaPods installation.\" >&2\n    exit 1\nfi\n# This output is used by Xcode 'outputs' to avoid re-running this script phase.\necho \"SUCCESS\" > \"${SCRIPT_OUTPUT_FILE_0}\"\n";
			showEnvVarsInLog = 0;
		};
		D9DBFB1A2649D6D700BFB61B /* ShellScript */ = {
			isa = PBXShellScriptBuildPhase;
			buildActionMask = 2147483647;
			files = (
			);
			inputFileListPaths = (
			);
			inputPaths = (
			);
			outputFileListPaths = (
			);
			outputPaths = (
			);
			runOnlyForDeploymentPostprocessing = 0;
			shellPath = /bin/sh;
			shellScript = "     if which swiftlint >/dev/null; then\n     swiftlint\n     else\n     echo \"warning: SwiftLint not installed, download from  https://github.com/realm/SwiftLint\"\n     fi\n";
		};
/* End PBXShellScriptBuildPhase section */

/* Begin PBXSourcesBuildPhase section */
		D909C7992642BA2500713750 /* Sources */ = {
			isa = PBXSourcesBuildPhase;
			buildActionMask = 2147483647;
			files = (
				D9DBFB24264A629700BFB61B /* RegisterViewController.swift in Sources */,
				D9DBFB55264C4A3400BFB61B /* AlertProtocol.swift in Sources */,
				D9DBFB33264AF15300BFB61B /* ContributeViewModel.swift in Sources */,
				D9DBFB0C2649999800BFB61B /* SearchViewModel.swift in Sources */,
				D97E0C42264E41B40001EE39 /* TopicSplashModel.swift in Sources */,
				D9DBFB30264AEE4700BFB61B /* ContributeController.swift in Sources */,
				D9DBFB3A264B0F9A00BFB61B /* CollectionCellViewModel.swift in Sources */,
				D97E0C31264D77670001EE39 /* UsersTableViewCell.swift in Sources */,
				D9B364802645951F0047707E /* URLParameterEncoder.swift in Sources */,
				D9DBFB0A264995F300BFB61B /* SearchApi.swift in Sources */,
				D9DBFB2B264AE40300BFB61B /* MyProfileViewController.swift in Sources */,
				D9DBFB36264AF96100BFB61B /* LatestCollectionApi.swift in Sources */,
				D9CA3ED12658123600DB4749 /* DetailsInfoSubViewController.swift in Sources */,
				D97E0C77264F0C950001EE39 /* MyProfileViewModel.swift in Sources */,
				D97E0C48264E5F860001EE39 /* UIView+extension.swift in Sources */,
				D909C7A52642BA2500713750 /* MainListViewController.swift in Sources */,
				D9DBFAB12645B63000BFB61B /* AppError.swift in Sources */,
				D97E0C9226544C5A0001EE39 /* MyUploadedImageViewCell.swift in Sources */,
				D9DBFB1C264A272F00BFB61B /* ImageDetailsInformation.swift in Sources */,
				D9DBFAAC26459C2D00BFB61B /* CellReusable+Extension.swift in Sources */,
				D909C7A12642BA2500713750 /* AppDelegate.swift in Sources */,
				D97E0C27264CAAFA0001EE39 /* RegisterViewModel.swift in Sources */,
				D97E0C832652BF210001EE39 /* DetailsViewModel.swift in Sources */,
				D97E0C35264D847E0001EE39 /* CollectionSearchModel.swift in Sources */,
				D9DBFB4E264C373A00BFB61B /* UIViewController+Ext.swift in Sources */,
				D9DBFAAD26459CF200BFB61B /* SplashTableViewCell.swift in Sources */,
				D909C7BF2642F50600713750 /* SplashModel.swift in Sources */,
				D909C7A32642BA2500713750 /* SceneDelegate.swift in Sources */,
				D9B36486264595330047707E /* EndPoint+Ext.swift in Sources */,
				D9DBFB58264C5D6200BFB61B /* User.swift in Sources */,
				D97E0C8026523DEA0001EE39 /* FirstViewController.swift in Sources */,
				D9DBFB28264A630300BFB61B /* LoginViewController.swift in Sources */,
				D97E0C87265308250001EE39 /* ProfileLikeTableViewCell.swift in Sources */,
				D9DBFB132649CF5A00BFB61B /* DetailsViewController.swift in Sources */,
				D97E0C37264D855C0001EE39 /* UserSearchModel.swift in Sources */,
				D9DBFB42264B92E400BFB61B /* LatestModel.swift in Sources */,
				D97E0C2D264D774A0001EE39 /* CollectionTableViewCell.swift in Sources */,
				D9DBFB032649895900BFB61B /* SplashCollectionApi.swift in Sources */,
				D9DBFAB92645D10E00BFB61B /* CollectionViewCategoryCell.swift in Sources */,
				D9DBFB49264C2EAE00BFB61B /* LicenseScreenViewModel.swift in Sources */,
				D9B36481264595230047707E /* JSONParameterEncoder.swift in Sources */,
				D97E0C3A264D884E0001EE39 /* CollectionTableCellViewModel.swift in Sources */,
				D9DBFB45264C2CFA00BFB61B /* LicenseViewController.swift in Sources */,
				D9DBFB3D264B182900BFB61B /* LatestCollectionCellView.swift in Sources */,
				D97E0C46264E52380001EE39 /* TopicDataCellViewModel.swift in Sources */,
				D9B36483264595290047707E /* HTTPTask.swift in Sources */,
				D9B364842645952C0047707E /* HTTPMethod.swift in Sources */,
				D9B3647E264592020047707E /* SplashCellViewModel.swift in Sources */,
				D9DBFB5F264C75BE00BFB61B /* LoginSubviewController.swift in Sources */,
				D97E0C3D264D88800001EE39 /* UserTableCellViewModel.swift in Sources */,
				D9DBFB0E26499AAC00BFB61B /* SearchModel.swift in Sources */,
				D97E0C40264DC4D30001EE39 /* LoginViewModel.swift in Sources */,
				D9DBFAC62649820700BFB61B /* SearchViewController.swift in Sources */,
				D97E0C7A264F19240001EE39 /* FileHandler.swift in Sources */,
				D9DBFB4C264C342600BFB61B /* ContactFunctionHandler.swift in Sources */,
				D9B3647C264590E40047707E /* MainListViewModel.swift in Sources */,
				D9CA3EDF26584D3600DB4749 /* StretchingHeaderView.swift in Sources */,
				D9B3647F2645951D0047707E /* ParameterEncoder.swift in Sources */,
				D9B364852645952F0047707E /* Router.swift in Sources */,
				D9DBFB102649BDA200BFB61B /* SearchTableViewModel.swift in Sources */,
			);
			runOnlyForDeploymentPostprocessing = 0;
		};
/* End PBXSourcesBuildPhase section */

/* Begin PBXVariantGroup section */
		D909C7A62642BA2500713750 /* Main.storyboard */ = {
			isa = PBXVariantGroup;
			children = (
				D909C7A72642BA2500713750 /* Base */,
			);
			name = Main.storyboard;
			sourceTree = "<group>";
		};
		D909C7AB2642BA2700713750 /* LaunchScreen.storyboard */ = {
			isa = PBXVariantGroup;
			children = (
				D909C7AC2642BA2700713750 /* Base */,
			);
			name = LaunchScreen.storyboard;
			sourceTree = "<group>";
		};
/* End PBXVariantGroup section */

/* Begin XCBuildConfiguration section */
		D909C7AF2642BA2700713750 /* Debug */ = {
			isa = XCBuildConfiguration;
			buildSettings = {
				ALWAYS_SEARCH_USER_PATHS = NO;
				CLANG_ANALYZER_NONNULL = YES;
				CLANG_ANALYZER_NUMBER_OBJECT_CONVERSION = YES_AGGRESSIVE;
				CLANG_CXX_LANGUAGE_STANDARD = "gnu++14";
				CLANG_CXX_LIBRARY = "libc++";
				CLANG_ENABLE_MODULES = YES;
				CLANG_ENABLE_OBJC_ARC = YES;
				CLANG_ENABLE_OBJC_WEAK = YES;
				CLANG_WARN_BLOCK_CAPTURE_AUTORELEASING = YES;
				CLANG_WARN_BOOL_CONVERSION = YES;
				CLANG_WARN_COMMA = YES;
				CLANG_WARN_CONSTANT_CONVERSION = YES;
				CLANG_WARN_DEPRECATED_OBJC_IMPLEMENTATIONS = YES;
				CLANG_WARN_DIRECT_OBJC_ISA_USAGE = YES_ERROR;
				CLANG_WARN_DOCUMENTATION_COMMENTS = YES;
				CLANG_WARN_EMPTY_BODY = YES;
				CLANG_WARN_ENUM_CONVERSION = YES;
				CLANG_WARN_INFINITE_RECURSION = YES;
				CLANG_WARN_INT_CONVERSION = YES;
				CLANG_WARN_NON_LITERAL_NULL_CONVERSION = YES;
				CLANG_WARN_OBJC_IMPLICIT_RETAIN_SELF = YES;
				CLANG_WARN_OBJC_LITERAL_CONVERSION = YES;
				CLANG_WARN_OBJC_ROOT_CLASS = YES_ERROR;
				CLANG_WARN_QUOTED_INCLUDE_IN_FRAMEWORK_HEADER = YES;
				CLANG_WARN_RANGE_LOOP_ANALYSIS = YES;
				CLANG_WARN_STRICT_PROTOTYPES = YES;
				CLANG_WARN_SUSPICIOUS_MOVE = YES;
				CLANG_WARN_UNGUARDED_AVAILABILITY = YES_AGGRESSIVE;
				CLANG_WARN_UNREACHABLE_CODE = YES;
				CLANG_WARN__DUPLICATE_METHOD_MATCH = YES;
				COPY_PHASE_STRIP = NO;
				DEBUG_INFORMATION_FORMAT = dwarf;
				ENABLE_STRICT_OBJC_MSGSEND = YES;
				ENABLE_TESTABILITY = YES;
				GCC_C_LANGUAGE_STANDARD = gnu11;
				GCC_DYNAMIC_NO_PIC = NO;
				GCC_NO_COMMON_BLOCKS = YES;
				GCC_OPTIMIZATION_LEVEL = 0;
				GCC_PREPROCESSOR_DEFINITIONS = (
					"DEBUG=1",
					"$(inherited)",
				);
				GCC_WARN_64_TO_32_BIT_CONVERSION = YES;
				GCC_WARN_ABOUT_RETURN_TYPE = YES_ERROR;
				GCC_WARN_UNDECLARED_SELECTOR = YES;
				GCC_WARN_UNINITIALIZED_AUTOS = YES_AGGRESSIVE;
				GCC_WARN_UNUSED_FUNCTION = YES;
				GCC_WARN_UNUSED_VARIABLE = YES;
				IPHONEOS_DEPLOYMENT_TARGET = 13.0;
				MTL_ENABLE_DEBUG_INFO = INCLUDE_SOURCE;
				MTL_FAST_MATH = YES;
				ONLY_ACTIVE_ARCH = YES;
				SDKROOT = iphoneos;
				SWIFT_ACTIVE_COMPILATION_CONDITIONS = DEBUG;
				SWIFT_OPTIMIZATION_LEVEL = "-Onone";
			};
			name = Debug;
		};
		D909C7B02642BA2700713750 /* Release */ = {
			isa = XCBuildConfiguration;
			buildSettings = {
				ALWAYS_SEARCH_USER_PATHS = NO;
				CLANG_ANALYZER_NONNULL = YES;
				CLANG_ANALYZER_NUMBER_OBJECT_CONVERSION = YES_AGGRESSIVE;
				CLANG_CXX_LANGUAGE_STANDARD = "gnu++14";
				CLANG_CXX_LIBRARY = "libc++";
				CLANG_ENABLE_MODULES = YES;
				CLANG_ENABLE_OBJC_ARC = YES;
				CLANG_ENABLE_OBJC_WEAK = YES;
				CLANG_WARN_BLOCK_CAPTURE_AUTORELEASING = YES;
				CLANG_WARN_BOOL_CONVERSION = YES;
				CLANG_WARN_COMMA = YES;
				CLANG_WARN_CONSTANT_CONVERSION = YES;
				CLANG_WARN_DEPRECATED_OBJC_IMPLEMENTATIONS = YES;
				CLANG_WARN_DIRECT_OBJC_ISA_USAGE = YES_ERROR;
				CLANG_WARN_DOCUMENTATION_COMMENTS = YES;
				CLANG_WARN_EMPTY_BODY = YES;
				CLANG_WARN_ENUM_CONVERSION = YES;
				CLANG_WARN_INFINITE_RECURSION = YES;
				CLANG_WARN_INT_CONVERSION = YES;
				CLANG_WARN_NON_LITERAL_NULL_CONVERSION = YES;
				CLANG_WARN_OBJC_IMPLICIT_RETAIN_SELF = YES;
				CLANG_WARN_OBJC_LITERAL_CONVERSION = YES;
				CLANG_WARN_OBJC_ROOT_CLASS = YES_ERROR;
				CLANG_WARN_QUOTED_INCLUDE_IN_FRAMEWORK_HEADER = YES;
				CLANG_WARN_RANGE_LOOP_ANALYSIS = YES;
				CLANG_WARN_STRICT_PROTOTYPES = YES;
				CLANG_WARN_SUSPICIOUS_MOVE = YES;
				CLANG_WARN_UNGUARDED_AVAILABILITY = YES_AGGRESSIVE;
				CLANG_WARN_UNREACHABLE_CODE = YES;
				CLANG_WARN__DUPLICATE_METHOD_MATCH = YES;
				COPY_PHASE_STRIP = NO;
				DEBUG_INFORMATION_FORMAT = "dwarf-with-dsym";
				ENABLE_NS_ASSERTIONS = NO;
				ENABLE_STRICT_OBJC_MSGSEND = YES;
				GCC_C_LANGUAGE_STANDARD = gnu11;
				GCC_NO_COMMON_BLOCKS = YES;
				GCC_WARN_64_TO_32_BIT_CONVERSION = YES;
				GCC_WARN_ABOUT_RETURN_TYPE = YES_ERROR;
				GCC_WARN_UNDECLARED_SELECTOR = YES;
				GCC_WARN_UNINITIALIZED_AUTOS = YES_AGGRESSIVE;
				GCC_WARN_UNUSED_FUNCTION = YES;
				GCC_WARN_UNUSED_VARIABLE = YES;
				IPHONEOS_DEPLOYMENT_TARGET = 13.0;
				MTL_ENABLE_DEBUG_INFO = NO;
				MTL_FAST_MATH = YES;
				SDKROOT = iphoneos;
				SWIFT_COMPILATION_MODE = wholemodule;
				SWIFT_OPTIMIZATION_LEVEL = "-O";
				VALIDATE_PRODUCT = YES;
			};
			name = Release;
		};
		D909C7B22642BA2700713750 /* Debug */ = {
			isa = XCBuildConfiguration;
			baseConfigurationReference = 13B9AD868D1FA91155746D3F /* Pods-UnsplashCloneApp.debug.xcconfig */;
			buildSettings = {
				ASSETCATALOG_COMPILER_APPICON_NAME = AppIcon;
				ASSETCATALOG_COMPILER_GLOBAL_ACCENT_COLOR_NAME = AccentColor;
				CODE_SIGN_STYLE = Automatic;
				INFOPLIST_FILE = UnsplashCloneApp/Common/Info.plist;
				LD_RUNPATH_SEARCH_PATHS = (
					"$(inherited)",
					"@executable_path/Frameworks",
				);
				PRODUCT_BUNDLE_IDENTIFIER = "com.kim-yoonha.UnsplashCloneApp";
				PRODUCT_NAME = "$(TARGET_NAME)";
				SWIFT_VERSION = 5.0;
				TARGETED_DEVICE_FAMILY = "1,2";
			};
			name = Debug;
		};
		D909C7B32642BA2700713750 /* Release */ = {
			isa = XCBuildConfiguration;
			baseConfigurationReference = 90BCD90801E7F05FF59AB208 /* Pods-UnsplashCloneApp.release.xcconfig */;
			buildSettings = {
				ASSETCATALOG_COMPILER_APPICON_NAME = AppIcon;
				ASSETCATALOG_COMPILER_GLOBAL_ACCENT_COLOR_NAME = AccentColor;
				CODE_SIGN_STYLE = Automatic;
				INFOPLIST_FILE = UnsplashCloneApp/Common/Info.plist;
				LD_RUNPATH_SEARCH_PATHS = (
					"$(inherited)",
					"@executable_path/Frameworks",
				);
				PRODUCT_BUNDLE_IDENTIFIER = "com.kim-yoonha.UnsplashCloneApp";
				PRODUCT_NAME = "$(TARGET_NAME)";
				SWIFT_VERSION = 5.0;
				TARGETED_DEVICE_FAMILY = "1,2";
			};
			name = Release;
		};
/* End XCBuildConfiguration section */

/* Begin XCConfigurationList section */
		D909C7982642BA2500713750 /* Build configuration list for PBXProject "UnsplashCloneApp" */ = {
			isa = XCConfigurationList;
			buildConfigurations = (
				D909C7AF2642BA2700713750 /* Debug */,
				D909C7B02642BA2700713750 /* Release */,
			);
			defaultConfigurationIsVisible = 0;
			defaultConfigurationName = Release;
		};
		D909C7B12642BA2700713750 /* Build configuration list for PBXNativeTarget "UnsplashCloneApp" */ = {
			isa = XCConfigurationList;
			buildConfigurations = (
				D909C7B22642BA2700713750 /* Debug */,
				D909C7B32642BA2700713750 /* Release */,
			);
			defaultConfigurationIsVisible = 0;
			defaultConfigurationName = Release;
		};
/* End XCConfigurationList section */
	};
	rootObject = D909C7952642BA2500713750 /* Project object */;
}
